
Microsoft Visual Studio Solution File, Format Version 12.00
# Visual Studio 2012
Project("{2150E333-8FDC-42A3-9474-1A3956D46DE8}") = "Solution Items", "Solution Items", "{0436462B-0432-499C-BB97-D65D1F3326A6}"
	ProjectSection(SolutionItems) = preProject
		Local.testsettings = Local.testsettings
		OAuthClient.vsmdi = OAuthClient.vsmdi
	EndProjectSection
EndProject
Project("{2150E333-8FDC-42A3-9474-1A3956D46DE8}") = "Docs", "Docs", "{267F0D9B-E8DE-410D-8CA5-B854135BC74F}"
	ProjectSection(SolutionItems) = preProject
		README.txt = README.txt
		RFC 5849 - The OAuth 1.0 Protocol.htm = RFC 5849 - The OAuth 1.0 Protocol.htm
		rfc5849.txt = rfc5849.txt
		TraceAndTestImpact.testsettings = TraceAndTestImpact.testsettings
	EndProjectSection
EndProject
Project("{FAE04EC0-301F-11D3-BF4B-00C04F79EFBC}") = "OAuthClient", "OAuthClient\OAuthClient.csproj", "{97ACE8D7-CC78-492D-8474-84F36296BE54}"
EndProject
Project("{F088123C-0E9E-452A-89E6-6BA2F21D5CAC}") = "Modeling", "Modeling\Modeling.modelproj", "{778DD73C-6D27-40D5-86D0-AB06FBDB1FC9}"
EndProject
Project("{FAE04EC0-301F-11D3-BF4B-00C04F79EFBC}") = "TestProject", "TestProject\TestProject.csproj", "{97D7F13E-3EBA-4F6B-94FB-5301ED5C35B3}"
EndProject
Project("{FAE04EC0-301F-11D3-BF4B-00C04F79EFBC}") = "ConsoleTests", "ConsoleTests\ConsoleTests.csproj", "{1F4FDA4D-F82B-438F-9849-1CD8A656CBD6}"
EndProject
Global
	GlobalSection(TestCaseManagementSettings) = postSolution
		CategoryFile = OAuthClient.vsmdi
	EndGlobalSection
	GlobalSection(SolutionConfigurationPlatforms) = preSolution
		Debug|Any CPU = Debug|Any CPU
		Release|Any CPU = Release|Any CPU
	EndGlobalSection
	GlobalSection(ProjectConfigurationPlatforms) = postSolution
		{97ACE8D7-CC78-492D-8474-84F36296BE54}.Debug|Any CPU.ActiveCfg = Debug|Any CPU
		{97ACE8D7-CC78-492D-8474-84F36296BE54}.Debug|Any CPU.Build.0 = Debug|Any CPU
		{97ACE8D7-CC78-492D-8474-84F36296BE54}.Release|Any CPU.ActiveCfg = Release|Any CPU
		{97ACE8D7-CC78-492D-8474-84F36296BE54}.Release|Any CPU.Build.0 = Release|Any CPU
		{778DD73C-6D27-40D5-86D0-AB06FBDB1FC9}.Debug|Any CPU.ActiveCfg = Debug|Any CPU
		{778DD73C-6D27-40D5-86D0-AB06FBDB1FC9}.Debug|Any CPU.Build.0 = Debug|Any CPU
		{778DD73C-6D27-40D5-86D0-AB06FBDB1FC9}.Release|Any CPU.ActiveCfg = Release|Any CPU
		{778DD73C-6D27-40D5-86D0-AB06FBDB1FC9}.Release|Any CPU.Build.0 = Release|Any CPU
		{97D7F13E-3EBA-4F6B-94FB-5301ED5C35B3}.Debug|Any CPU.ActiveCfg = Debug|Any CPU
		{97D7F13E-3EBA-4F6B-94FB-5301ED5C35B3}.Debug|Any CPU.Build.0 = Debug|Any CPU
		{97D7F13E-3EBA-4F6B-94FB-5301ED5C35B3}.Release|Any CPU.ActiveCfg = Release|Any CPU
		{97D7F13E-3EBA-4F6B-94FB-5301ED5C35B3}.Release|Any CPU.Build.0 = Release|Any CPU
		{1F4FDA4D-F82B-438F-9849-1CD8A656CBD6}.Debug|Any CPU.ActiveCfg = Debug|Any CPU
		{1F4FDA4D-F82B-438F-9849-1CD8A656CBD6}.Debug|Any CPU.Build.0 = Debug|Any CPU
		{1F4FDA4D-F82B-438F-9849-1CD8A656CBD6}.Release|Any CPU.ActiveCfg = Release|Any CPU
		{1F4FDA4D-F82B-438F-9849-1CD8A656CBD6}.Release|Any CPU.Build.0 = Release|Any CPU
	EndGlobalSection
	GlobalSection(SolutionProperties) = preSolution
		HideSolutionNode = FALSE
	EndGlobalSection
EndGlobal
